<?xml version="1.0" encoding="utf-8"?>
<Project ToolsVersion="4.0" xmlns="http://schemas.microsoft.com/developer/msbuild/2003">
  <ItemGroup>
    <Filter Include="Source Files">
      <UniqueIdentifier>{4FC737F1-C7A5-4376-A066-2A32D752A2FF}</UniqueIdentifier>
      <Extensions>cpp;c;cc;cxx;c++;cppm;ixx;def;odl;idl;hpj;bat;asm;asmx</Extensions>
    </Filter>
    <Filter Include="Header Files">
      <UniqueIdentifier>{93995380-89BD-4b04-88EB-625FBE52EBFB}</UniqueIdentifier>
      <Extensions>h;hh;hpp;hxx;h++;hm;inl;inc;ipp;xsd</Extensions>
    </Filter>
    <Filter Include="Resource Files">
      <UniqueIdentifier>{67DA6AB6-F800-4c08-8B7A-83BB121AAD01}</UniqueIdentifier>
      <Extensions>rc;ico;cur;bmp;dlg;rc2;rct;bin;rgs;gif;jpg;jpeg;jpe;resx;tiff;tif;png;wav;mfcribbon-ms</Extensions>
    </Filter>
    <Filter Include="Source Files\libfec">
      <UniqueIdentifier>{69ddd191-4002-40e8-9078-0b94f76fac08}</UniqueIdentifier>
    </Filter>
  </ItemGroup>
  <ItemGroup>
    <ClCompile Include="main.c">
      <Filter>Source Files</Filter>
    </ClCompile>
    <ClCompile Include="packet_frame.c">
      <Filter>Source Files</Filter>
    </ClCompile>
    <ClCompile Include="test.c">
      <Filter>Source Files</Filter>
    </ClCompile>
    <ClCompile Include="liquid-dsp-relevant\src\fec\src\crc.c">
      <Filter>Source Files</Filter>
    </ClCompile>
    <ClCompile Include="liquid-dsp-relevant\src\fec\src\interleaver.c">
      <Filter>Source Files</Filter>
    </ClCompile>
    <ClCompile Include="liquid-dsp-relevant\src\random\src\scramble.c">
      <Filter>Source Files</Filter>
    </ClCompile>
    <ClCompile Include="liquid-dsp-relevant\src\sequence\src\msequence.c">
      <Filter>Source Files</Filter>
    </ClCompile>
    <ClCompile Include="polyphase_filterbank_sync.c">
      <Filter>Source Files</Filter>
    </ClCompile>
    <ClCompile Include="samples_to_bits.c">
      <Filter>Source Files</Filter>
    </ClCompile>
    <ClCompile Include="liquid-dsp-relevant\src\sequence\src\bsequence.c">
      <Filter>Source Files</Filter>
    </ClCompile>
    <ClCompile Include="liquid-dsp-relevant\src\utility\src\byte_utilities.c">
      <Filter>Source Files</Filter>
    </ClCompile>
    <ClCompile Include="liquid-dsp-relevant\src\libliquid.c">
      <Filter>Source Files</Filter>
    </ClCompile>
    <ClCompile Include="liquid-dsp-relevant\src\utility\src\msb_index.c">
      <Filter>Source Files</Filter>
    </ClCompile>
    <ClCompile Include="liquid-dsp-relevant\src\fec\src\fec.c">
      <Filter>Source Files</Filter>
    </ClCompile>
    <ClCompile Include="libfec-3.0.1\cpu_mode_ppc.c">
      <Filter>Source Files\libfec</Filter>
    </ClCompile>
    <ClCompile Include="libfec-3.0.1\cpu_mode_x86.c">
      <Filter>Source Files\libfec</Filter>
    </ClCompile>
    <ClCompile Include="libfec-3.0.1\decode_rs.c">
      <Filter>Source Files\libfec</Filter>
    </ClCompile>
    <ClCompile Include="libfec-3.0.1\decode_rs_8.c">
      <Filter>Source Files\libfec</Filter>
    </ClCompile>
    <ClCompile Include="libfec-3.0.1\decode_rs_ccsds.c">
      <Filter>Source Files\libfec</Filter>
    </ClCompile>
    <ClCompile Include="libfec-3.0.1\decode_rs_char.c">
      <Filter>Source Files\libfec</Filter>
    </ClCompile>
    <ClCompile Include="libfec-3.0.1\decode_rs_int.c">
      <Filter>Source Files\libfec</Filter>
    </ClCompile>
    <ClCompile Include="libfec-3.0.1\dotprod.c">
      <Filter>Source Files\libfec</Filter>
    </ClCompile>
    <ClCompile Include="libfec-3.0.1\dotprod_av.c">
      <Filter>Source Files\libfec</Filter>
    </ClCompile>
    <ClCompile Include="libfec-3.0.1\dotprod_mmx.c">
      <Filter>Source Files\libfec</Filter>
    </ClCompile>
    <ClCompile Include="libfec-3.0.1\dotprod_port.c">
      <Filter>Source Files\libfec</Filter>
    </ClCompile>
    <ClCompile Include="libfec-3.0.1\dotprod_sse2.c">
      <Filter>Source Files\libfec</Filter>
    </ClCompile>
    <ClCompile Include="libfec-3.0.1\dtest.c">
      <Filter>Source Files\libfec</Filter>
    </ClCompile>
    <ClCompile Include="libfec-3.0.1\encode_rs.c">
      <Filter>Source Files\libfec</Filter>
    </ClCompile>
    <ClCompile Include="libfec-3.0.1\encode_rs_8.c">
      <Filter>Source Files\libfec</Filter>
    </ClCompile>
    <ClCompile Include="libfec-3.0.1\encode_rs_av.c">
      <Filter>Source Files\libfec</Filter>
    </ClCompile>
    <ClCompile Include="libfec-3.0.1\encode_rs_ccsds.c">
      <Filter>Source Files\libfec</Filter>
    </ClCompile>
    <ClCompile Include="libfec-3.0.1\encode_rs_char.c">
      <Filter>Source Files\libfec</Filter>
    </ClCompile>
    <ClCompile Include="libfec-3.0.1\encode_rs_int.c">
      <Filter>Source Files\libfec</Filter>
    </ClCompile>
    <ClCompile Include="libfec-3.0.1\exercise.c">
      <Filter>Source Files\libfec</Filter>
    </ClCompile>
    <ClCompile Include="libfec-3.0.1\fec.c">
      <Filter>Source Files\libfec</Filter>
    </ClCompile>
    <ClCompile Include="libfec-3.0.1\gen_ccsds.c">
      <Filter>Source Files\libfec</Filter>
    </ClCompile>
    <ClCompile Include="libfec-3.0.1\gen_ccsds_tal.c">
      <Filter>Source Files\libfec</Filter>
    </ClCompile>
    <ClCompile Include="libfec-3.0.1\init_rs.c">
      <Filter>Source Files\libfec</Filter>
    </ClCompile>
    <ClCompile Include="libfec-3.0.1\init_rs_char.c">
      <Filter>Source Files\libfec</Filter>
    </ClCompile>
    <ClCompile Include="libfec-3.0.1\init_rs_int.c">
      <Filter>Source Files\libfec</Filter>
    </ClCompile>
    <ClCompile Include="libfec-3.0.1\peaktest.c">
      <Filter>Source Files\libfec</Filter>
    </ClCompile>
    <ClCompile Include="libfec-3.0.1\peakval.c">
      <Filter>Source Files\libfec</Filter>
    </ClCompile>
    <ClCompile Include="libfec-3.0.1\peakval_av.c">
      <Filter>Source Files\libfec</Filter>
    </ClCompile>
    <ClCompile Include="libfec-3.0.1\peakval_mmx.c">
      <Filter>Source Files\libfec</Filter>
    </ClCompile>
    <ClCompile Include="libfec-3.0.1\peakval_port.c">
      <Filter>Source Files\libfec</Filter>
    </ClCompile>
    <ClCompile Include="libfec-3.0.1\peakval_sse.c">
      <Filter>Source Files\libfec</Filter>
    </ClCompile>
    <ClCompile Include="libfec-3.0.1\peakval_sse2.c">
      <Filter>Source Files\libfec</Filter>
    </ClCompile>
    <ClCompile Include="libfec-3.0.1\rs_speedtest.c">
      <Filter>Source Files\libfec</Filter>
    </ClCompile>
    <ClCompile Include="libfec-3.0.1\rstest.c">
      <Filter>Source Files\libfec</Filter>
    </ClCompile>
    <ClCompile Include="libfec-3.0.1\sim.c">
      <Filter>Source Files\libfec</Filter>
    </ClCompile>
    <ClCompile Include="libfec-3.0.1\sqtest.c">
      <Filter>Source Files\libfec</Filter>
    </ClCompile>
    <ClCompile Include="libfec-3.0.1\sumsq.c">
      <Filter>Source Files\libfec</Filter>
    </ClCompile>
    <ClCompile Include="libfec-3.0.1\sumsq_av.c">
      <Filter>Source Files\libfec</Filter>
    </ClCompile>
    <ClCompile Include="libfec-3.0.1\sumsq_mmx.c">
      <Filter>Source Files\libfec</Filter>
    </ClCompile>
    <ClCompile Include="libfec-3.0.1\sumsq_port.c">
      <Filter>Source Files\libfec</Filter>
    </ClCompile>
    <ClCompile Include="libfec-3.0.1\sumsq_sse2.c">
      <Filter>Source Files\libfec</Filter>
    </ClCompile>
    <ClCompile Include="libfec-3.0.1\sumsq_test.c">
      <Filter>Source Files\libfec</Filter>
    </ClCompile>
    <ClCompile Include="libfec-3.0.1\viterbi27.c">
      <Filter>Source Files\libfec</Filter>
    </ClCompile>
    <ClCompile Include="libfec-3.0.1\viterbi27_av.c">
      <Filter>Source Files\libfec</Filter>
    </ClCompile>
    <ClCompile Include="libfec-3.0.1\viterbi27_mmx.c">
      <Filter>Source Files\libfec</Filter>
    </ClCompile>
    <ClCompile Include="libfec-3.0.1\viterbi27_port.c">
      <Filter>Source Files\libfec</Filter>
    </ClCompile>
    <ClCompile Include="libfec-3.0.1\viterbi27_sse.c">
      <Filter>Source Files\libfec</Filter>
    </ClCompile>
    <ClCompile Include="libfec-3.0.1\viterbi27_sse2.c">
      <Filter>Source Files\libfec</Filter>
    </ClCompile>
    <ClCompile Include="libfec-3.0.1\viterbi29.c">
      <Filter>Source Files\libfec</Filter>
    </ClCompile>
    <ClCompile Include="libfec-3.0.1\viterbi29_av.c">
      <Filter>Source Files\libfec</Filter>
    </ClCompile>
    <ClCompile Include="libfec-3.0.1\viterbi29_mmx.c">
      <Filter>Source Files\libfec</Filter>
    </ClCompile>
    <ClCompile Include="libfec-3.0.1\viterbi29_port.c">
      <Filter>Source Files\libfec</Filter>
    </ClCompile>
    <ClCompile Include="libfec-3.0.1\viterbi29_sse.c">
      <Filter>Source Files\libfec</Filter>
    </ClCompile>
    <ClCompile Include="libfec-3.0.1\viterbi29_sse2.c">
      <Filter>Source Files\libfec</Filter>
    </ClCompile>
    <ClCompile Include="libfec-3.0.1\viterbi39.c">
      <Filter>Source Files\libfec</Filter>
    </ClCompile>
    <ClCompile Include="libfec-3.0.1\viterbi39_av.c">
      <Filter>Source Files\libfec</Filter>
    </ClCompile>
    <ClCompile Include="libfec-3.0.1\viterbi39_mmx.c">
      <Filter>Source Files\libfec</Filter>
    </ClCompile>
    <ClCompile Include="libfec-3.0.1\viterbi39_port.c">
      <Filter>Source Files\libfec</Filter>
    </ClCompile>
    <ClCompile Include="libfec-3.0.1\viterbi39_sse.c">
      <Filter>Source Files\libfec</Filter>
    </ClCompile>
    <ClCompile Include="libfec-3.0.1\viterbi39_sse2.c">
      <Filter>Source Files\libfec</Filter>
    </ClCompile>
    <ClCompile Include="libfec-3.0.1\viterbi615.c">
      <Filter>Source Files\libfec</Filter>
    </ClCompile>
    <ClCompile Include="libfec-3.0.1\viterbi615_av.c">
      <Filter>Source Files\libfec</Filter>
    </ClCompile>
    <ClCompile Include="libfec-3.0.1\viterbi615_mmx.c">
      <Filter>Source Files\libfec</Filter>
    </ClCompile>
    <ClCompile Include="libfec-3.0.1\viterbi615_port.c">
      <Filter>Source Files\libfec</Filter>
    </ClCompile>
    <ClCompile Include="libfec-3.0.1\viterbi615_sse.c">
      <Filter>Source Files\libfec</Filter>
    </ClCompile>
    <ClCompile Include="libfec-3.0.1\viterbi615_sse2.c">
      <Filter>Source Files\libfec</Filter>
    </ClCompile>
    <ClCompile Include="libfec-3.0.1\vtest27.c">
      <Filter>Source Files\libfec</Filter>
    </ClCompile>
    <ClCompile Include="libfec-3.0.1\vtest29.c">
      <Filter>Source Files\libfec</Filter>
    </ClCompile>
    <ClCompile Include="libfec-3.0.1\vtest39.c">
      <Filter>Source Files\libfec</Filter>
    </ClCompile>
    <ClCompile Include="libfec-3.0.1\vtest615.c">
      <Filter>Source Files\libfec</Filter>
    </ClCompile>
    <ClCompile Include="channel.c">
      <Filter>Source Files</Filter>
    </ClCompile>
  </ItemGroup>
  <ItemGroup>
    <ClInclude Include="liquid_condensed.h">
      <Filter>Header Files</Filter>
    </ClInclude>
    <ClInclude Include="packet_frame.h">
      <Filter>Header Files</Filter>
    </ClInclude>
    <ClInclude Include="liquid-dsp-relevant\examples\liquid.h">
      <Filter>Header Files</Filter>
    </ClInclude>
    <ClInclude Include="liquid-dsp-relevant\src\liquid.internal.h">
      <Filter>Header Files</Filter>
    </ClInclude>
    <ClInclude Include="test.h">
      <Filter>Header Files</Filter>
    </ClInclude>
    <ClInclude Include="libfec-3.0.1\ccsds.h">
      <Filter>Source Files\libfec</Filter>
    </ClInclude>
    <ClInclude Include="libfec-3.0.1\char.h">
      <Filter>Source Files\libfec</Filter>
    </ClInclude>
    <ClInclude Include="libfec-3.0.1\decode_rs.h">
      <Filter>Source Files\libfec</Filter>
    </ClInclude>
    <ClInclude Include="libfec-3.0.1\dotprod.h">
      <Filter>Source Files\libfec</Filter>
    </ClInclude>
    <ClInclude Include="libfec-3.0.1\encode_rs.h">
      <Filter>Source Files\libfec</Filter>
    </ClInclude>
    <ClInclude Include="libfec-3.0.1\fec.h">
      <Filter>Source Files\libfec</Filter>
    </ClInclude>
    <ClInclude Include="libfec-3.0.1\fixed.h">
      <Filter>Source Files\libfec</Filter>
    </ClInclude>
    <ClInclude Include="libfec-3.0.1\init_rs.h">
      <Filter>Source Files\libfec</Filter>
    </ClInclude>
    <ClInclude Include="libfec-3.0.1\int.h">
      <Filter>Source Files\libfec</Filter>
    </ClInclude>
    <ClInclude Include="libfec-3.0.1\rs-common.h">
      <Filter>Source Files\libfec</Filter>
    </ClInclude>
    <ClInclude Include="channel.h">
      <Filter>Header Files</Filter>
    </ClInclude>
  </ItemGroup>
  <ItemGroup>
    <None Include="libfec-3.0.1\config.guess">
      <Filter>Source Files\libfec</Filter>
    </None>
    <None Include="libfec-3.0.1\config.h.in">
      <Filter>Source Files\libfec</Filter>
    </None>
    <None Include="libfec-3.0.1\config.sub">
      <Filter>Source Files\libfec</Filter>
    </None>
    <None Include="libfec-3.0.1\configure">
      <Filter>Source Files\libfec</Filter>
    </None>
    <None Include="libfec-3.0.1\configure.in">
      <Filter>Source Files\libfec</Filter>
    </None>
    <None Include="libfec-3.0.1\cpu_features.s">
      <Filter>Source Files\libfec</Filter>
    </None>
    <None Include="libfec-3.0.1\dotprod_mmx_assist.s">
      <Filter>Source Files\libfec</Filter>
    </None>
    <None Include="libfec-3.0.1\dotprod_sse2_assist.s">
      <Filter>Source Files\libfec</Filter>
    </None>
    <None Include="libfec-3.0.1\dsp.3">
      <Filter>Source Files\libfec</Filter>
    </None>
    <None Include="libfec-3.0.1\INSTALL">
      <Filter>Source Files\libfec</Filter>
    </None>
    <None Include="libfec-3.0.1\install-sh">
      <Filter>Source Files\libfec</Filter>
    </None>
    <None Include="libfec-3.0.1\makefile.in">
      <Filter>Source Files\libfec</Filter>
    </None>
    <None Include="libfec-3.0.1\mmxbfly27.s">
      <Filter>Source Files\libfec</Filter>
    </None>
    <None Include="libfec-3.0.1\mmxbfly29.s">
      <Filter>Source Files\libfec</Filter>
    </None>
    <None Include="libfec-3.0.1\peak_mmx_assist.s">
      <Filter>Source Files\libfec</Filter>
    </None>
    <None Include="libfec-3.0.1\peak_sse_assist.s">
      <Filter>Source Files\libfec</Filter>
    </None>
    <None Include="libfec-3.0.1\peak_sse2_assist.s">
      <Filter>Source Files\libfec</Filter>
    </None>
    <None Include="libfec-3.0.1\peakval_mmx_assist.s">
      <Filter>Source Files\libfec</Filter>
    </None>
    <None Include="libfec-3.0.1\peakval_sse_assist.s">
      <Filter>Source Files\libfec</Filter>
    </None>
    <None Include="libfec-3.0.1\peakval_sse2_assist.s">
      <Filter>Source Files\libfec</Filter>
    </None>
    <None Include="libfec-3.0.1\README">
      <Filter>Source Files\libfec</Filter>
    </None>
    <None Include="libfec-3.0.1\rs.3">
      <Filter>Source Files\libfec</Filter>
    </None>
    <None Include="libfec-3.0.1\simd-viterbi.3">
      <Filter>Source Files\libfec</Filter>
    </None>
    <None Include="libfec-3.0.1\sse2bfly27.s">
      <Filter>Source Files\libfec</Filter>
    </None>
    <None Include="libfec-3.0.1\sse2bfly29.s">
      <Filter>Source Files\libfec</Filter>
    </None>
    <None Include="libfec-3.0.1\ssebfly27.s">
      <Filter>Source Files\libfec</Filter>
    </None>
    <None Include="libfec-3.0.1\ssebfly29.s">
      <Filter>Source Files\libfec</Filter>
    </None>
    <None Include="libfec-3.0.1\sumsq_mmx_assist.s">
      <Filter>Source Files\libfec</Filter>
    </None>
    <None Include="libfec-3.0.1\sumsq_sse2_assist.s">
      <Filter>Source Files\libfec</Filter>
    </None>
  </ItemGroup>
  <ItemGroup>
    <Text Include="libfec-3.0.1\lesser.txt">
      <Filter>Source Files\libfec</Filter>
    </Text>
  </ItemGroup>
</Project>