<?xml version="1.0" encoding="utf-8"?>
<Project ToolsVersion="4.0" xmlns="http://schemas.microsoft.com/developer/msbuild/2003">
  <ItemGroup>
    <Filter Include="Source Files">
      <UniqueIdentifier>{4FC737F1-C7A5-4376-A066-2A32D752A2FF}</UniqueIdentifier>
      <Extensions>cpp;c;cc;cxx;c++;cppm;ixx;def;odl;idl;hpj;bat;asm;asmx</Extensions>
    </Filter>
    <Filter Include="Header Files">
      <UniqueIdentifier>{93995380-89BD-4b04-88EB-625FBE52EBFB}</UniqueIdentifier>
      <Extensions>h;hh;hpp;hxx;h++;hm;inl;inc;ipp;xsd</Extensions>
    </Filter>
    <Filter Include="Resource Files">
      <UniqueIdentifier>{67DA6AB6-F800-4c08-8B7A-83BB121AAD01}</UniqueIdentifier>
      <Extensions>rc;ico;cur;bmp;dlg;rc2;rct;bin;rgs;gif;jpg;jpeg;jpe;resx;tiff;tif;png;wav;mfcribbon-ms</Extensions>
    </Filter>
    <Filter Include="Source Files\liquid">
      <UniqueIdentifier>{d664092f-03f0-4377-99a3-6ea50ea4ad68}</UniqueIdentifier>
    </Filter>
    <Filter Include="Source Files\LDPC">
      <UniqueIdentifier>{67bca18f-9e76-4e4f-9280-790d33110430}</UniqueIdentifier>
    </Filter>
  </ItemGroup>
  <ItemGroup>
    <ClCompile Include="main.c">
      <Filter>Source Files</Filter>
    </ClCompile>
    <ClCompile Include="packet_frame.c">
      <Filter>Source Files</Filter>
    </ClCompile>
    <ClCompile Include="test.c">
      <Filter>Source Files</Filter>
    </ClCompile>
    <ClCompile Include="polyphase_filterbank_sync.c">
      <Filter>Source Files</Filter>
    </ClCompile>
    <ClCompile Include="samples_to_bits.c">
      <Filter>Source Files</Filter>
    </ClCompile>
    <ClCompile Include="liquid-dsp-relevant\src\sequence\src\bsequence.c">
      <Filter>Source Files\liquid</Filter>
    </ClCompile>
    <ClCompile Include="liquid-dsp-relevant\src\utility\src\byte_utilities.c">
      <Filter>Source Files\liquid</Filter>
    </ClCompile>
    <ClCompile Include="liquid-dsp-relevant\src\fec\src\crc.c">
      <Filter>Source Files\liquid</Filter>
    </ClCompile>
    <ClCompile Include="liquid-dsp-relevant\src\fec\src\fec.c">
      <Filter>Source Files\liquid</Filter>
    </ClCompile>
    <ClCompile Include="liquid-dsp-relevant\src\fec\src\interleaver.c">
      <Filter>Source Files\liquid</Filter>
    </ClCompile>
    <ClCompile Include="liquid-dsp-relevant\src\libliquid.c">
      <Filter>Source Files\liquid</Filter>
    </ClCompile>
    <ClCompile Include="liquid-dsp-relevant\src\utility\src\msb_index.c">
      <Filter>Source Files\liquid</Filter>
    </ClCompile>
    <ClCompile Include="liquid-dsp-relevant\src\sequence\src\msequence.c">
      <Filter>Source Files\liquid</Filter>
    </ClCompile>
    <ClCompile Include="liquid-dsp-relevant\src\random\src\scramble.c">
      <Filter>Source Files\liquid</Filter>
    </ClCompile>
    <ClCompile Include="liquid-dsp-relevant\src\fec\src\fec_conv.c">
      <Filter>Source Files\liquid</Filter>
    </ClCompile>
    <ClCompile Include="liquid-dsp-relevant\src\fec\src\fec_conv_pmatrix.c">
      <Filter>Source Files\liquid</Filter>
    </ClCompile>
    <ClCompile Include="liquid-dsp-relevant\src\fec\src\fec_conv_poly.c">
      <Filter>Source Files\liquid</Filter>
    </ClCompile>
    <ClCompile Include="liquid-dsp-relevant\src\fec\src\fec_conv_punctured.c">
      <Filter>Source Files\liquid</Filter>
    </ClCompile>
    <ClCompile Include="liquid-dsp-relevant\src\fec\src\fec_golay2412.c">
      <Filter>Source Files\liquid</Filter>
    </ClCompile>
    <ClCompile Include="liquid-dsp-relevant\src\fec\src\fec_hamming74.c">
      <Filter>Source Files\liquid</Filter>
    </ClCompile>
    <ClCompile Include="liquid-dsp-relevant\src\fec\src\fec_hamming84.c">
      <Filter>Source Files\liquid</Filter>
    </ClCompile>
    <ClCompile Include="liquid-dsp-relevant\src\fec\src\fec_hamming128.c">
      <Filter>Source Files\liquid</Filter>
    </ClCompile>
    <ClCompile Include="liquid-dsp-relevant\src\fec\src\fec_hamming128_gentab.c">
      <Filter>Source Files\liquid</Filter>
    </ClCompile>
    <ClCompile Include="liquid-dsp-relevant\src\fec\src\fec_hamming1511.c">
      <Filter>Source Files\liquid</Filter>
    </ClCompile>
    <ClCompile Include="liquid-dsp-relevant\src\fec\src\fec_hamming3126.c">
      <Filter>Source Files\liquid</Filter>
    </ClCompile>
    <ClCompile Include="liquid-dsp-relevant\src\fec\src\fec_pass.c">
      <Filter>Source Files\liquid</Filter>
    </ClCompile>
    <ClCompile Include="liquid-dsp-relevant\src\fec\src\fec_rep3.c">
      <Filter>Source Files\liquid</Filter>
    </ClCompile>
    <ClCompile Include="liquid-dsp-relevant\src\fec\src\fec_rep5.c">
      <Filter>Source Files\liquid</Filter>
    </ClCompile>
    <ClCompile Include="liquid-dsp-relevant\src\fec\src\fec_rs.c">
      <Filter>Source Files\liquid</Filter>
    </ClCompile>
    <ClCompile Include="liquid-dsp-relevant\src\fec\src\fec_secded2216.c">
      <Filter>Source Files\liquid</Filter>
    </ClCompile>
    <ClCompile Include="liquid-dsp-relevant\src\fec\src\fec_secded3932.c">
      <Filter>Source Files\liquid</Filter>
    </ClCompile>
    <ClCompile Include="liquid-dsp-relevant\src\fec\src\fec_secded7264.c">
      <Filter>Source Files\liquid</Filter>
    </ClCompile>
    <ClCompile Include="liquid-dsp-relevant\src\utility\src\pack_bytes.c">
      <Filter>Source Files\liquid</Filter>
    </ClCompile>
    <ClCompile Include="tavildarLDPC\LdpcC\Constellation.cpp">
      <Filter>Source Files\LDPC</Filter>
    </ClCompile>
    <ClCompile Include="tavildarLDPC\LdpcC\LdpcCode.cpp">
      <Filter>Source Files\LDPC</Filter>
    </ClCompile>
    <ClCompile Include="tavildarLDPC\LdpcC\main.cpp">
      <Filter>Source Files\LDPC</Filter>
    </ClCompile>
  </ItemGroup>
  <ItemGroup>
    <ClInclude Include="liquid_condensed.h">
      <Filter>Header Files</Filter>
    </ClInclude>
    <ClInclude Include="packet_frame.h">
      <Filter>Header Files</Filter>
    </ClInclude>
    <ClInclude Include="liquid-dsp-relevant\examples\liquid.h">
      <Filter>Header Files</Filter>
    </ClInclude>
    <ClInclude Include="liquid-dsp-relevant\src\liquid.internal.h">
      <Filter>Header Files</Filter>
    </ClInclude>
    <ClInclude Include="test.h">
      <Filter>Header Files</Filter>
    </ClInclude>
    <ClInclude Include="tavildarLDPC\LdpcC\Constellation.h">
      <Filter>Source Files\LDPC</Filter>
    </ClInclude>
    <ClInclude Include="tavildarLDPC\LdpcC\LdpcCode.h">
      <Filter>Source Files\LDPC</Filter>
    </ClInclude>
    <ClInclude Include="tavildarLDPC\LdpcC\WiFiLDPC.h">
      <Filter>Source Files\LDPC</Filter>
    </ClInclude>
    <ClInclude Include="samples_to_bits.h">
      <Filter>Header Files</Filter>
    </ClInclude>
  </ItemGroup>
</Project>